
Microsoft Visual Studio Solution File, Format Version 12.00
# Visual Studio Version 17
VisualStudioVersion = 17.5.002.0
MinimumVisualStudioVersion = 10.0.40219.1
Project("{2150E333-8FDC-42A3-9474-1A3956D46DE8}") = "aulas-praticas", "aulas-praticas", "{F446EE30-DA86-45C5-B511-1DEF9CEF1FAB}"
EndProject
Project("{9A19103F-16F7-4668-BE54-9A1E7A4F7556}") = "lab5", "aulas-praticas\lista-lab-5\lab5.csproj", "{F2CFA4FD-B9E3-4F9C-BF49-46B3A7A2068F}"
EndProject
Project("{2150E333-8FDC-42A3-9474-1A3956D46DE8}") = "Listas", "Listas", "{0D32B35D-13F6-4485-BB61-725D819D2785}"
EndProject
Project("{9A19103F-16F7-4668-BE54-9A1E7A4F7556}") = "lista01-condicionais", "Listas\lista01-condicionais\lista01-condicionais.csproj", "{AC647BB7-791C-4E2E-9F17-59BA03B79C89}"
EndProject
Project("{9A19103F-16F7-4668-BE54-9A1E7A4F7556}") = "lista02-repeticao", "Listas\lista02-repeticao\lista02-repeticao.csproj", "{01FAC7B0-8F83-4050-8B0D-253AB0502428}"
EndProject
Global
	GlobalSection(SolutionConfigurationPlatforms) = preSolution
		Debug|Any CPU = Debug|Any CPU
		Release|Any CPU = Release|Any CPU
	EndGlobalSection
	GlobalSection(ProjectConfigurationPlatforms) = postSolution
		{F2CFA4FD-B9E3-4F9C-BF49-46B3A7A2068F}.Debug|Any CPU.ActiveCfg = Debug|Any CPU
		{F2CFA4FD-B9E3-4F9C-BF49-46B3A7A2068F}.Debug|Any CPU.Build.0 = Debug|Any CPU
		{F2CFA4FD-B9E3-4F9C-BF49-46B3A7A2068F}.Release|Any CPU.ActiveCfg = Release|Any CPU
		{F2CFA4FD-B9E3-4F9C-BF49-46B3A7A2068F}.Release|Any CPU.Build.0 = Release|Any CPU
		{AC647BB7-791C-4E2E-9F17-59BA03B79C89}.Debug|Any CPU.ActiveCfg = Debug|Any CPU
		{AC647BB7-791C-4E2E-9F17-59BA03B79C89}.Debug|Any CPU.Build.0 = Debug|Any CPU
		{AC647BB7-791C-4E2E-9F17-59BA03B79C89}.Release|Any CPU.ActiveCfg = Release|Any CPU
		{AC647BB7-791C-4E2E-9F17-59BA03B79C89}.Release|Any CPU.Build.0 = Release|Any CPU
		{01FAC7B0-8F83-4050-8B0D-253AB0502428}.Debug|Any CPU.ActiveCfg = Debug|Any CPU
		{01FAC7B0-8F83-4050-8B0D-253AB0502428}.Debug|Any CPU.Build.0 = Debug|Any CPU
		{01FAC7B0-8F83-4050-8B0D-253AB0502428}.Release|Any CPU.ActiveCfg = Release|Any CPU
		{01FAC7B0-8F83-4050-8B0D-253AB0502428}.Release|Any CPU.Build.0 = Release|Any CPU
	EndGlobalSection
	GlobalSection(SolutionProperties) = preSolution
		HideSolutionNode = FALSE
	EndGlobalSection
	GlobalSection(NestedProjects) = preSolution
		{F2CFA4FD-B9E3-4F9C-BF49-46B3A7A2068F} = {F446EE30-DA86-45C5-B511-1DEF9CEF1FAB}
		{AC647BB7-791C-4E2E-9F17-59BA03B79C89} = {0D32B35D-13F6-4485-BB61-725D819D2785}
		{01FAC7B0-8F83-4050-8B0D-253AB0502428} = {0D32B35D-13F6-4485-BB61-725D819D2785}
	EndGlobalSection
	GlobalSection(ExtensibilityGlobals) = postSolution
		SolutionGuid = {B27ED4C3-A129-44D6-9AAA-AC2D0CD79AF8}
	EndGlobalSection
EndGlobal
