
Microsoft Visual Studio Solution File, Format Version 12.00
# Visual Studio Version 17
VisualStudioVersion = 17.5.002.0
MinimumVisualStudioVersion = 10.0.40219.1
Project("{2150E333-8FDC-42A3-9474-1A3956D46DE8}") = "listas", "listas", "{D0C38588-8A15-4A69-AEB5-6607EC557D41}"
EndProject
Project("{9A19103F-16F7-4668-BE54-9A1E7A4F7556}") = "lista01-nivelamento", "listas\lista01-nivelamento\lista01-nivelamento.csproj", "{3C646A39-9E1E-45D7-B9C2-7B2777947AFB}"
EndProject
Global
	GlobalSection(SolutionConfigurationPlatforms) = preSolution
		Debug|Any CPU = Debug|Any CPU
		Release|Any CPU = Release|Any CPU
	EndGlobalSection
	GlobalSection(ProjectConfigurationPlatforms) = postSolution
		{3C646A39-9E1E-45D7-B9C2-7B2777947AFB}.Debug|Any CPU.ActiveCfg = Debug|Any CPU
		{3C646A39-9E1E-45D7-B9C2-7B2777947AFB}.Debug|Any CPU.Build.0 = Debug|Any CPU
		{3C646A39-9E1E-45D7-B9C2-7B2777947AFB}.Release|Any CPU.ActiveCfg = Release|Any CPU
		{3C646A39-9E1E-45D7-B9C2-7B2777947AFB}.Release|Any CPU.Build.0 = Release|Any CPU
	EndGlobalSection
	GlobalSection(SolutionProperties) = preSolution
		HideSolutionNode = FALSE
	EndGlobalSection
	GlobalSection(NestedProjects) = preSolution
		{3C646A39-9E1E-45D7-B9C2-7B2777947AFB} = {D0C38588-8A15-4A69-AEB5-6607EC557D41}
	EndGlobalSection
	GlobalSection(ExtensibilityGlobals) = postSolution
		SolutionGuid = {F646D178-840B-4288-B0D3-5432005A1A13}
	EndGlobalSection
EndGlobal
