
Microsoft Visual Studio Solution File, Format Version 12.00
# Visual Studio Version 17
VisualStudioVersion = 17.5.002.0
MinimumVisualStudioVersion = 10.0.40219.1
Project("{9A19103F-16F7-4668-BE54-9A1E7A4F7556}") = "lista-lab-06", "lista-lab-06.csproj", "{583C4B7B-5B57-43D9-878F-9493B432B9C2}"
EndProject
Global
	GlobalSection(SolutionConfigurationPlatforms) = preSolution
		Debug|Any CPU = Debug|Any CPU
		Release|Any CPU = Release|Any CPU
	EndGlobalSection
	GlobalSection(ProjectConfigurationPlatforms) = postSolution
		{583C4B7B-5B57-43D9-878F-9493B432B9C2}.Debug|Any CPU.ActiveCfg = Debug|Any CPU
		{583C4B7B-5B57-43D9-878F-9493B432B9C2}.Debug|Any CPU.Build.0 = Debug|Any CPU
		{583C4B7B-5B57-43D9-878F-9493B432B9C2}.Release|Any CPU.ActiveCfg = Release|Any CPU
		{583C4B7B-5B57-43D9-878F-9493B432B9C2}.Release|Any CPU.Build.0 = Release|Any CPU
	EndGlobalSection
	GlobalSection(SolutionProperties) = preSolution
		HideSolutionNode = FALSE
	EndGlobalSection
	GlobalSection(ExtensibilityGlobals) = postSolution
		SolutionGuid = {7C920CD5-D236-429E-9B91-CF312E6E2ED6}
	EndGlobalSection
EndGlobal
